
Microsoft Visual Studio Solution File, Format Version 12.00
# Visual Studio Version 17
VisualStudioVersion = 17.11.35312.102
MinimumVisualStudioVersion = 10.0.40219.1
Project("{FAE04EC0-301F-11D3-BF4B-00C04F79EFBC}") = "BFEcompiler", "BFEcompiler\BFEcompiler.csproj", "{3CBAB8B4-FE7E-40DA-A076-09A9CC60BB38}"
EndProject
Global
	GlobalSection(SolutionConfigurationPlatforms) = preSolution
		Debug|Any CPU = Debug|Any CPU
		Release|Any CPU = Release|Any CPU
	EndGlobalSection
	GlobalSection(ProjectConfigurationPlatforms) = postSolution
		{3CBAB8B4-FE7E-40DA-A076-09A9CC60BB38}.Debug|Any CPU.ActiveCfg = Debug|Any CPU
		{3CBAB8B4-FE7E-40DA-A076-09A9CC60BB38}.Debug|Any CPU.Build.0 = Debug|Any CPU
		{3CBAB8B4-FE7E-40DA-A076-09A9CC60BB38}.Release|Any CPU.ActiveCfg = Release|Any CPU
		{3CBAB8B4-FE7E-40DA-A076-09A9CC60BB38}.Release|Any CPU.Build.0 = Release|Any CPU
	EndGlobalSection
	GlobalSection(SolutionProperties) = preSolution
		HideSolutionNode = FALSE
	EndGlobalSection
	GlobalSection(ExtensibilityGlobals) = postSolution
		SolutionGuid = {84CC892F-AAEC-4361-8FD0-8495DFF960BF}
	EndGlobalSection
EndGlobal
